[[package]]
name = "numpy"
version = "1.18.3"
description = "NumPy is the fundamental package for array computing with Python."
category = "main"
optional = false
python-versions = ">=3.5"

[[package]]
name = "pyqt5"
version = "5.14.2"
description = "Python bindings for the Qt cross platform application toolkit"
category = "main"
optional = false
python-versions = ">=3.5"

[package.dependencies]
PyQt5-sip = ">=12.7,<13"

[[package]]
name = "pyqt5-sip"
version = "12.7.2"
description = "The sip module support for PyQt5"
category = "main"
optional = false
python-versions = ">=3.5"

[[package]]
name = "pyqtdatavisualization"
version = "5.14.0"
description = "Python bindings for the Qt Data Visualization library"
category = "main"
optional = false
python-versions = ">=3.5"

[package.dependencies]
PyQt5 = ">=5.14"
PyQt5-sip = ">=12.7,<13"

[[package]]
name = "pyqtgraph"
version = "0.10.0"
description = "Scientific Graphics and GUI Library for Python"
category = "main"
optional = false
python-versions = "*"

[package.dependencies]
numpy = "*"

[[package]]
name = "pyserial"
version = "3.4"
description = "Python Serial Port Extension"
category = "main"
optional = false
python-versions = "*"

[[package]]
name = "qtpy"
version = "1.9.0"
description = "Provides an abstraction layer on top of the various Qt bindings (PyQt5, PyQt4 and PySide) and additional custom QWidgets."
category = "main"
optional = false
python-versions = "*"

[[package]]
name = "six"
version = "1.14.0"
description = "Python 2 and 3 compatibility utilities"
category = "main"
optional = false
python-versions = ">=2.7, !=3.0.*, !=3.1.*, !=3.2.*"

[metadata]
lock-version = "1.1"
python-versions = "3.8.5"
content-hash = "c2c8d8a7a96d368698bb6f9f7ac4294b6c59e13ea523dc31c1cd951f71466f76"

[metadata.files]
numpy = []
pyqt5 = []
pyqt5-sip = []
pyqtdatavisualization = []
pyqtgraph = []
pyserial = []
qtpy = []
six = []
